
Microsoft Visual Studio Solution File, Format Version 12.00
# Visual Studio Version 16
VisualStudioVersion = 16.0.33027.164
MinimumVisualStudioVersion = 10.0.40219.1
Project("{8BC9CEB8-8B4A-11D0-8D11-00A0C91BC942}") = "VotingDayConsoleApplication", "VotingDayConsoleApplication\VotingDayConsoleApplication.vcxproj", "{D04D3B6D-AA97-4103-B550-4A4168312630}"
EndProject
Global
	GlobalSection(SolutionConfigurationPlatforms) = preSolution
		Debug|x64 = Debug|x64
		Debug|x86 = Debug|x86
		Release|x64 = Release|x64
		Release|x86 = Release|x86
	EndGlobalSection
	GlobalSection(ProjectConfigurationPlatforms) = postSolution
		{D04D3B6D-AA97-4103-B550-4A4168312630}.Debug|x64.ActiveCfg = Debug|x64
		{D04D3B6D-AA97-4103-B550-4A4168312630}.Debug|x64.Build.0 = Debug|x64
		{D04D3B6D-AA97-4103-B550-4A4168312630}.Debug|x86.ActiveCfg = Debug|Win32
		{D04D3B6D-AA97-4103-B550-4A4168312630}.Debug|x86.Build.0 = Debug|Win32
		{D04D3B6D-AA97-4103-B550-4A4168312630}.Release|x64.ActiveCfg = Release|x64
		{D04D3B6D-AA97-4103-B550-4A4168312630}.Release|x64.Build.0 = Release|x64
		{D04D3B6D-AA97-4103-B550-4A4168312630}.Release|x86.ActiveCfg = Release|Win32
		{D04D3B6D-AA97-4103-B550-4A4168312630}.Release|x86.Build.0 = Release|Win32
	EndGlobalSection
	GlobalSection(SolutionProperties) = preSolution
		HideSolutionNode = FALSE
	EndGlobalSection
	GlobalSection(ExtensibilityGlobals) = postSolution
		SolutionGuid = {8205BC2C-973F-4711-B576-922294555CCC}
	EndGlobalSection
EndGlobal
